
Microsoft Visual Studio Solution File, Format Version 12.00
# Visual Studio Version 16
VisualStudioVersion = 16.0.29920.165
MinimumVisualStudioVersion = 10.0.40219.1
Project("{FAE04EC0-301F-11D3-BF4B-00C04F79EFBC}") = "ApiCarteiraInvest", "ApiCarteiraInvest.csproj", "{5C28B159-0E3B-4849-8E40-2C4585CEE72A}"
EndProject
Global
	GlobalSection(SolutionConfigurationPlatforms) = preSolution
		Debug|Any CPU = Debug|Any CPU
		Release|Any CPU = Release|Any CPU
	EndGlobalSection
	GlobalSection(ProjectConfigurationPlatforms) = postSolution
		{5C28B159-0E3B-4849-8E40-2C4585CEE72A}.Debug|Any CPU.ActiveCfg = Debug|Any CPU
		{5C28B159-0E3B-4849-8E40-2C4585CEE72A}.Debug|Any CPU.Build.0 = Debug|Any CPU
		{5C28B159-0E3B-4849-8E40-2C4585CEE72A}.Release|Any CPU.ActiveCfg = Release|Any CPU
		{5C28B159-0E3B-4849-8E40-2C4585CEE72A}.Release|Any CPU.Build.0 = Release|Any CPU
	EndGlobalSection
	GlobalSection(SolutionProperties) = preSolution
		HideSolutionNode = FALSE
	EndGlobalSection
	GlobalSection(ExtensibilityGlobals) = postSolution
		SolutionGuid = {8947E4C5-D6B4-4CD8-B77E-40C8CCA1AA32}
	EndGlobalSection
EndGlobal
